// !$*UTF8*$!
{
	archiveVersion = 1;
	classes = {
	};
	objectVersion = 56;
	objects = {

/* Begin PBXBuildFile section */
		202117DF2ADC8BD70083BC0B /* MainSettingsView.swift in Sources */ = {isa = PBXBuildFile; fileRef = 202117DE2ADC8BD60083BC0B /* MainSettingsView.swift */; };
		2056F4EF2AF87F9C00EA4EE4 /* PasswordChangeView.swift in Sources */ = {isa = PBXBuildFile; fileRef = 2056F4EE2AF87F9C00EA4EE4 /* PasswordChangeView.swift */; };
		209A710C2B05A904007F4F5D /* NightModeManager.swift in Sources */ = {isa = PBXBuildFile; fileRef = 209A710B2B05A904007F4F5D /* NightModeManager.swift */; };
		209A710E2B05C3F3007F4F5D /* InterestUpdateView.swift in Sources */ = {isa = PBXBuildFile; fileRef = 209A710D2B05C3F3007F4F5D /* InterestUpdateView.swift */; };
		8A2B78F32AFB140E00765A4A /* ButtonModifier.swift in Sources */ = {isa = PBXBuildFile; fileRef = 8A2B78F22AFB140E00765A4A /* ButtonModifier.swift */; };
		8A2B78F82AFB24FC00765A4A /* CardTransition.swift in Sources */ = {isa = PBXBuildFile; fileRef = 8A2B78F72AFB24FC00765A4A /* CardTransition.swift */; };
		8A2B78FA2AFB254000765A4A /* SymbolModifier.swift in Sources */ = {isa = PBXBuildFile; fileRef = 8A2B78F92AFB254000765A4A /* SymbolModifier.swift */; };
		8A2B78FD2AFB258100765A4A /* swipe.wav in Resources */ = {isa = PBXBuildFile; fileRef = 8A2B78FC2AFB258100765A4A /* swipe.wav */; };
		8A2B78FF2AFB25FB00765A4A /* PlaySound.swift in Sources */ = {isa = PBXBuildFile; fileRef = 8A2B78FE2AFB25FB00765A4A /* PlaySound.swift */; };
		8A2B79042AFB5B2600765A4A /* AuthViewModel.swift in Sources */ = {isa = PBXBuildFile; fileRef = 8A2B79032AFB5B2600765A4A /* AuthViewModel.swift */; };
		8A2B79062AFBDDE000765A4A /* HomeView.swift in Sources */ = {isa = PBXBuildFile; fileRef = 8A2B79052AFBDDE000765A4A /* HomeView.swift */; };
		8A674DB62AD78B8F00A63CC1 /* EmptyPlaceholderView.swift in Sources */ = {isa = PBXBuildFile; fileRef = 8A674DB52AD78B8F00A63CC1 /* EmptyPlaceholderView.swift */; };
		8A674DB82AD78C1C00A63CC1 /* RetryView.swift in Sources */ = {isa = PBXBuildFile; fileRef = 8A674DB72AD78C1C00A63CC1 /* RetryView.swift */; };
		8A674DBA2AD7969D00A63CC1 /* ArticleBookmarkViewModel.swift in Sources */ = {isa = PBXBuildFile; fileRef = 8A674DB92AD7969D00A63CC1 /* ArticleBookmarkViewModel.swift */; };
		8AB2E2D72AD0DEEA0066AB1A /* ApolloApp.swift in Sources */ = {isa = PBXBuildFile; fileRef = 8AB2E2D62AD0DEEA0066AB1A /* ApolloApp.swift */; };
		8AB2E2D92AD0DEEA0066AB1A /* SwipeableCardView.swift in Sources */ = {isa = PBXBuildFile; fileRef = 8AB2E2D82AD0DEEA0066AB1A /* SwipeableCardView.swift */; };
		8AB2E2DB2AD0DEED0066AB1A /* Assets.xcassets in Resources */ = {isa = PBXBuildFile; fileRef = 8AB2E2DA2AD0DEED0066AB1A /* Assets.xcassets */; };
		8AB2E2DE2AD0DEED0066AB1A /* Preview Assets.xcassets in Resources */ = {isa = PBXBuildFile; fileRef = 8AB2E2DD2AD0DEED0066AB1A /* Preview Assets.xcassets */; };
		8AB2E2E02AD0DEED0066AB1A /* Persistence.swift in Sources */ = {isa = PBXBuildFile; fileRef = 8AB2E2DF2AD0DEED0066AB1A /* Persistence.swift */; };
		8AB2E2E32AD0DEED0066AB1A /* Apollo.xcdatamodeld in Sources */ = {isa = PBXBuildFile; fileRef = 8AB2E2E12AD0DEED0066AB1A /* Apollo.xcdatamodeld */; };
		8AB2E2ED2AD0DEEE0066AB1A /* ApolloTests.swift in Sources */ = {isa = PBXBuildFile; fileRef = 8AB2E2EC2AD0DEEE0066AB1A /* ApolloTests.swift */; };
		8AB2E2F72AD0DEEE0066AB1A /* ApolloUITests.swift in Sources */ = {isa = PBXBuildFile; fileRef = 8AB2E2F62AD0DEEE0066AB1A /* ApolloUITests.swift */; };
		8AB2E2F92AD0DEEE0066AB1A /* ApolloUITestsLaunchTests.swift in Sources */ = {isa = PBXBuildFile; fileRef = 8AB2E2F82AD0DEEE0066AB1A /* ApolloUITestsLaunchTests.swift */; };
		8AB2E3062AD0E3180066AB1A /* Launch Screen.storyboard in Resources */ = {isa = PBXBuildFile; fileRef = 8AB2E3052AD0E3180066AB1A /* Launch Screen.storyboard */; };
		8AB2E30F2AD2F3850066AB1A /* HeaderView.swift in Sources */ = {isa = PBXBuildFile; fileRef = 8AB2E30E2AD2F3850066AB1A /* HeaderView.swift */; };
		8AB2E3152AD5BB3C0066AB1A /* News.json in Resources */ = {isa = PBXBuildFile; fileRef = 8AB2E3142AD5BB3C0066AB1A /* News.json */; };
		8AB2E3172AD5BB9D0066AB1A /* Article.swift in Sources */ = {isa = PBXBuildFile; fileRef = 8AB2E3162AD5BB9D0066AB1A /* Article.swift */; };
		8AB2E3192AD5BDB30066AB1A /* NewsAPIResponse.swift in Sources */ = {isa = PBXBuildFile; fileRef = 8AB2E3182AD5BDB30066AB1A /* NewsAPIResponse.swift */; };
		8AB2E31C2AD63FA90066AB1A /* SafariView.swift in Sources */ = {isa = PBXBuildFile; fileRef = 8AB2E31B2AD63FA90066AB1A /* SafariView.swift */; };
		8AB2E3202AD641C00066AB1A /* CardView.swift in Sources */ = {isa = PBXBuildFile; fileRef = 8AB2E31F2AD641C00066AB1A /* CardView.swift */; };
		8AB2E3232AD6466D0066AB1A /* NewsAPI.swift in Sources */ = {isa = PBXBuildFile; fileRef = 8AB2E3222AD6466D0066AB1A /* NewsAPI.swift */; };
		8AB2E3252AD646EF0066AB1A /* Category.swift in Sources */ = {isa = PBXBuildFile; fileRef = 8AB2E3242AD646EF0066AB1A /* Category.swift */; };
		8AB2E3282AD649240066AB1A /* ArticleNewsViewModel.swift in Sources */ = {isa = PBXBuildFile; fileRef = 8AB2E3272AD649240066AB1A /* ArticleNewsViewModel.swift */; };
		8AB7D0D82B05728800D1851C /* FooterView.swift in Sources */ = {isa = PBXBuildFile; fileRef = 8AB7D0D72B05728800D1851C /* FooterView.swift */; };
		8AB7D0DA2B0573B800D1851C /* InfoView.swift in Sources */ = {isa = PBXBuildFile; fileRef = 8AB7D0D92B0573B800D1851C /* InfoView.swift */; };
		8AB7D0DC2B0573E800D1851C /* HeaderComponent.swift in Sources */ = {isa = PBXBuildFile; fileRef = 8AB7D0DB2B0573E800D1851C /* HeaderComponent.swift */; };
		8AB7D0DE2B05741000D1851C /* TitleModifier.swift in Sources */ = {isa = PBXBuildFile; fileRef = 8AB7D0DD2B05741000D1851C /* TitleModifier.swift */; };
		8AB7D0E02B05748E00D1851C /* GuideView.swift in Sources */ = {isa = PBXBuildFile; fileRef = 8AB7D0DF2B05748E00D1851C /* GuideView.swift */; };
		8AB7D0E22B0574B400D1851C /* GuideComponent.swift in Sources */ = {isa = PBXBuildFile; fileRef = 8AB7D0E12B0574B400D1851C /* GuideComponent.swift */; };
		8AC6118F2AFAA98800F88E52 /* GoogleService-Info.plist in Resources */ = {isa = PBXBuildFile; fileRef = 8AC6118E2AFAA98800F88E52 /* GoogleService-Info.plist */; };
		8ACC1EBD2AFED07B009BE432 /* TestCardView.swift in Sources */ = {isa = PBXBuildFile; fileRef = 8ACC1EBC2AFED07B009BE432 /* TestCardView.swift */; };
		8ACC1EC02AFEDC1E009BE432 /* TestHomeView.swift in Sources */ = {isa = PBXBuildFile; fileRef = 8ACC1EBF2AFEDC1E009BE432 /* TestHomeView.swift */; };
		B340272E2ADE165A00B78062 /* InterestSelectionView.swift in Sources */ = {isa = PBXBuildFile; fileRef = B340272D2ADE165A00B78062 /* InterestSelectionView.swift */; };
		B39CEB9D2AFAAC1300954C3A /* UpdateLocationView.swift in Sources */ = {isa = PBXBuildFile; fileRef = B39CEB9C2AFAAC1300954C3A /* UpdateLocationView.swift */; };
		B39CEB9F2AFAB45900954C3A /* ProfilePhotoView.swift in Sources */ = {isa = PBXBuildFile; fileRef = B39CEB9E2AFAB45900954C3A /* ProfilePhotoView.swift */; };
		F0194CC92ADE5E3900A2A5C0 /* CreateAccountView.swift in Sources */ = {isa = PBXBuildFile; fileRef = F0194CC82ADE5E3900A2A5C0 /* CreateAccountView.swift */; };
		F054F3C52AE3154A008597B6 /* FirebaseAnalytics in Frameworks */ = {isa = PBXBuildFile; productRef = F054F3C42AE3154A008597B6 /* FirebaseAnalytics */; };
		F054F3C72AE3154A008597B6 /* FirebaseAnalyticsOnDeviceConversion in Frameworks */ = {isa = PBXBuildFile; productRef = F054F3C62AE3154A008597B6 /* FirebaseAnalyticsOnDeviceConversion */; };
		F054F3C92AE3154A008597B6 /* FirebaseAnalyticsSwift in Frameworks */ = {isa = PBXBuildFile; productRef = F054F3C82AE3154A008597B6 /* FirebaseAnalyticsSwift */; };
		F054F3CB2AE3154A008597B6 /* FirebaseAnalyticsWithoutAdIdSupport in Frameworks */ = {isa = PBXBuildFile; productRef = F054F3CA2AE3154A008597B6 /* FirebaseAnalyticsWithoutAdIdSupport */; };
		F054F3CD2AE3154A008597B6 /* FirebaseAppCheck in Frameworks */ = {isa = PBXBuildFile; productRef = F054F3CC2AE3154A008597B6 /* FirebaseAppCheck */; };
		F054F3CF2AE3154A008597B6 /* FirebaseAppDistribution-Beta in Frameworks */ = {isa = PBXBuildFile; productRef = F054F3CE2AE3154A008597B6 /* FirebaseAppDistribution-Beta */; };
		F054F3D12AE3154A008597B6 /* FirebaseAuth in Frameworks */ = {isa = PBXBuildFile; productRef = F054F3D02AE3154A008597B6 /* FirebaseAuth */; };
		F054F3D32AE3154A008597B6 /* FirebaseAuthCombine-Community in Frameworks */ = {isa = PBXBuildFile; productRef = F054F3D22AE3154A008597B6 /* FirebaseAuthCombine-Community */; };
		F054F3D52AE3154A008597B6 /* FirebaseCrashlytics in Frameworks */ = {isa = PBXBuildFile; productRef = F054F3D42AE3154A008597B6 /* FirebaseCrashlytics */; };
		F054F3D72AE3154A008597B6 /* FirebaseDatabase in Frameworks */ = {isa = PBXBuildFile; productRef = F054F3D62AE3154A008597B6 /* FirebaseDatabase */; };
		F054F3D92AE3154A008597B6 /* FirebaseDatabaseSwift in Frameworks */ = {isa = PBXBuildFile; productRef = F054F3D82AE3154A008597B6 /* FirebaseDatabaseSwift */; };
		F054F3DB2AE3154A008597B6 /* FirebaseDynamicLinks in Frameworks */ = {isa = PBXBuildFile; productRef = F054F3DA2AE3154A008597B6 /* FirebaseDynamicLinks */; };
		F054F3DD2AE3154A008597B6 /* FirebaseFirestore in Frameworks */ = {isa = PBXBuildFile; productRef = F054F3DC2AE3154A008597B6 /* FirebaseFirestore */; };
		F054F3DF2AE3154A008597B6 /* FirebaseFirestoreCombine-Community in Frameworks */ = {isa = PBXBuildFile; productRef = F054F3DE2AE3154A008597B6 /* FirebaseFirestoreCombine-Community */; };
		F054F3E12AE3154A008597B6 /* FirebaseFirestoreSwift in Frameworks */ = {isa = PBXBuildFile; productRef = F054F3E02AE3154A008597B6 /* FirebaseFirestoreSwift */; };
		F054F3E32AE3154A008597B6 /* FirebaseFunctions in Frameworks */ = {isa = PBXBuildFile; productRef = F054F3E22AE3154A008597B6 /* FirebaseFunctions */; };
		F054F3E52AE3154A008597B6 /* FirebaseFunctionsCombine-Community in Frameworks */ = {isa = PBXBuildFile; productRef = F054F3E42AE3154A008597B6 /* FirebaseFunctionsCombine-Community */; };
		F054F3E72AE3154A008597B6 /* FirebaseInAppMessaging-Beta in Frameworks */ = {isa = PBXBuildFile; productRef = F054F3E62AE3154A008597B6 /* FirebaseInAppMessaging-Beta */; };
		F054F3E92AE3154A008597B6 /* FirebaseInAppMessagingSwift-Beta in Frameworks */ = {isa = PBXBuildFile; productRef = F054F3E82AE3154A008597B6 /* FirebaseInAppMessagingSwift-Beta */; };
		F054F3EB2AE3154A008597B6 /* FirebaseInstallations in Frameworks */ = {isa = PBXBuildFile; productRef = F054F3EA2AE3154A008597B6 /* FirebaseInstallations */; };
		F054F3ED2AE3154A008597B6 /* FirebaseMessaging in Frameworks */ = {isa = PBXBuildFile; productRef = F054F3EC2AE3154A008597B6 /* FirebaseMessaging */; };
		F054F3EF2AE3154A008597B6 /* FirebaseMLModelDownloader in Frameworks */ = {isa = PBXBuildFile; productRef = F054F3EE2AE3154A008597B6 /* FirebaseMLModelDownloader */; };
		F054F3F12AE3154A008597B6 /* FirebasePerformance in Frameworks */ = {isa = PBXBuildFile; productRef = F054F3F02AE3154A008597B6 /* FirebasePerformance */; };
		F054F3F32AE3154A008597B6 /* FirebaseRemoteConfig in Frameworks */ = {isa = PBXBuildFile; productRef = F054F3F22AE3154A008597B6 /* FirebaseRemoteConfig */; };
		F054F3F52AE3154A008597B6 /* FirebaseRemoteConfigSwift in Frameworks */ = {isa = PBXBuildFile; productRef = F054F3F42AE3154A008597B6 /* FirebaseRemoteConfigSwift */; };
		F054F3F72AE3154A008597B6 /* FirebaseStorage in Frameworks */ = {isa = PBXBuildFile; productRef = F054F3F62AE3154A008597B6 /* FirebaseStorage */; };
		F054F3F92AE3154A008597B6 /* FirebaseStorageCombine-Community in Frameworks */ = {isa = PBXBuildFile; productRef = F054F3F82AE3154A008597B6 /* FirebaseStorageCombine-Community */; };
		F093DCC12AFA0628009E8DCC /* GoogleSignIn in Frameworks */ = {isa = PBXBuildFile; productRef = F093DCC02AFA0628009E8DCC /* GoogleSignIn */; };
		F093DCC32AFA0628009E8DCC /* GoogleSignInSwift in Frameworks */ = {isa = PBXBuildFile; productRef = F093DCC22AFA0628009E8DCC /* GoogleSignInSwift */; };
		F093DCC52AFA0794009E8DCC /* ForgotPasswordView.swift in Sources */ = {isa = PBXBuildFile; fileRef = F093DCC42AFA0794009E8DCC /* ForgotPasswordView.swift */; };
		F0D733002ADCFE2F0088DDAB /* LoginView.swift in Sources */ = {isa = PBXBuildFile; fileRef = F0D732FF2ADCFE2F0088DDAB /* LoginView.swift */; };
/* End PBXBuildFile section */

/* Begin PBXContainerItemProxy section */
		8AB2E2E92AD0DEEE0066AB1A /* PBXContainerItemProxy */ = {
			isa = PBXContainerItemProxy;
			containerPortal = 8AB2E2CB2AD0DEEA0066AB1A /* Project object */;
			proxyType = 1;
			remoteGlobalIDString = 8AB2E2D22AD0DEEA0066AB1A;
			remoteInfo = Apollo;
		};
		8AB2E2F32AD0DEEE0066AB1A /* PBXContainerItemProxy */ = {
			isa = PBXContainerItemProxy;
			containerPortal = 8AB2E2CB2AD0DEEA0066AB1A /* Project object */;
			proxyType = 1;
			remoteGlobalIDString = 8AB2E2D22AD0DEEA0066AB1A;
			remoteInfo = Apollo;
		};
/* End PBXContainerItemProxy section */

/* Begin PBXFileReference section */
		202117DE2ADC8BD60083BC0B /* MainSettingsView.swift */ = {isa = PBXFileReference; lastKnownFileType = sourcecode.swift; path = MainSettingsView.swift; sourceTree = "<group>"; };
		2056F4EE2AF87F9C00EA4EE4 /* PasswordChangeView.swift */ = {isa = PBXFileReference; lastKnownFileType = sourcecode.swift; path = PasswordChangeView.swift; sourceTree = "<group>"; };
		209A710B2B05A904007F4F5D /* NightModeManager.swift */ = {isa = PBXFileReference; lastKnownFileType = sourcecode.swift; path = NightModeManager.swift; sourceTree = "<group>"; };
		209A710D2B05C3F3007F4F5D /* InterestUpdateView.swift */ = {isa = PBXFileReference; lastKnownFileType = sourcecode.swift; path = InterestUpdateView.swift; sourceTree = "<group>"; };
		8A2B78F22AFB140E00765A4A /* ButtonModifier.swift */ = {isa = PBXFileReference; lastKnownFileType = sourcecode.swift; path = ButtonModifier.swift; sourceTree = "<group>"; };
		8A2B78F72AFB24FC00765A4A /* CardTransition.swift */ = {isa = PBXFileReference; lastKnownFileType = sourcecode.swift; path = CardTransition.swift; sourceTree = "<group>"; };
		8A2B78F92AFB254000765A4A /* SymbolModifier.swift */ = {isa = PBXFileReference; lastKnownFileType = sourcecode.swift; path = SymbolModifier.swift; sourceTree = "<group>"; };
		8A2B78FC2AFB258100765A4A /* swipe.wav */ = {isa = PBXFileReference; lastKnownFileType = audio.wav; path = swipe.wav; sourceTree = "<group>"; };
		8A2B78FE2AFB25FB00765A4A /* PlaySound.swift */ = {isa = PBXFileReference; lastKnownFileType = sourcecode.swift; path = PlaySound.swift; sourceTree = "<group>"; };
		8A2B79032AFB5B2600765A4A /* AuthViewModel.swift */ = {isa = PBXFileReference; lastKnownFileType = sourcecode.swift; path = AuthViewModel.swift; sourceTree = "<group>"; };
		8A2B79052AFBDDE000765A4A /* HomeView.swift */ = {isa = PBXFileReference; lastKnownFileType = sourcecode.swift; path = HomeView.swift; sourceTree = "<group>"; };
		8A674DB52AD78B8F00A63CC1 /* EmptyPlaceholderView.swift */ = {isa = PBXFileReference; lastKnownFileType = sourcecode.swift; path = EmptyPlaceholderView.swift; sourceTree = "<group>"; };
		8A674DB72AD78C1C00A63CC1 /* RetryView.swift */ = {isa = PBXFileReference; lastKnownFileType = sourcecode.swift; path = RetryView.swift; sourceTree = "<group>"; };
		8A674DB92AD7969D00A63CC1 /* ArticleBookmarkViewModel.swift */ = {isa = PBXFileReference; lastKnownFileType = sourcecode.swift; path = ArticleBookmarkViewModel.swift; sourceTree = "<group>"; };
		8AB2E2D32AD0DEEA0066AB1A /* Apollo.app */ = {isa = PBXFileReference; explicitFileType = wrapper.application; includeInIndex = 0; path = Apollo.app; sourceTree = BUILT_PRODUCTS_DIR; };
		8AB2E2D62AD0DEEA0066AB1A /* ApolloApp.swift */ = {isa = PBXFileReference; lastKnownFileType = sourcecode.swift; path = ApolloApp.swift; sourceTree = "<group>"; };
		8AB2E2D82AD0DEEA0066AB1A /* SwipeableCardView.swift */ = {isa = PBXFileReference; lastKnownFileType = sourcecode.swift; path = SwipeableCardView.swift; sourceTree = "<group>"; };
		8AB2E2DA2AD0DEED0066AB1A /* Assets.xcassets */ = {isa = PBXFileReference; lastKnownFileType = folder.assetcatalog; path = Assets.xcassets; sourceTree = "<group>"; };
		8AB2E2DD2AD0DEED0066AB1A /* Preview Assets.xcassets */ = {isa = PBXFileReference; lastKnownFileType = folder.assetcatalog; path = "Preview Assets.xcassets"; sourceTree = "<group>"; };
		8AB2E2DF2AD0DEED0066AB1A /* Persistence.swift */ = {isa = PBXFileReference; lastKnownFileType = sourcecode.swift; path = Persistence.swift; sourceTree = "<group>"; };
		8AB2E2E22AD0DEED0066AB1A /* Apollo.xcdatamodel */ = {isa = PBXFileReference; lastKnownFileType = wrapper.xcdatamodel; path = Apollo.xcdatamodel; sourceTree = "<group>"; };
		8AB2E2E82AD0DEEE0066AB1A /* ApolloTests.xctest */ = {isa = PBXFileReference; explicitFileType = wrapper.cfbundle; includeInIndex = 0; path = ApolloTests.xctest; sourceTree = BUILT_PRODUCTS_DIR; };
		8AB2E2EC2AD0DEEE0066AB1A /* ApolloTests.swift */ = {isa = PBXFileReference; lastKnownFileType = sourcecode.swift; path = ApolloTests.swift; sourceTree = "<group>"; };
		8AB2E2F22AD0DEEE0066AB1A /* ApolloUITests.xctest */ = {isa = PBXFileReference; explicitFileType = wrapper.cfbundle; includeInIndex = 0; path = ApolloUITests.xctest; sourceTree = BUILT_PRODUCTS_DIR; };
		8AB2E2F62AD0DEEE0066AB1A /* ApolloUITests.swift */ = {isa = PBXFileReference; lastKnownFileType = sourcecode.swift; path = ApolloUITests.swift; sourceTree = "<group>"; };
		8AB2E2F82AD0DEEE0066AB1A /* ApolloUITestsLaunchTests.swift */ = {isa = PBXFileReference; lastKnownFileType = sourcecode.swift; path = ApolloUITestsLaunchTests.swift; sourceTree = "<group>"; };
		8AB2E3052AD0E3180066AB1A /* Launch Screen.storyboard */ = {isa = PBXFileReference; lastKnownFileType = file.storyboard; path = "Launch Screen.storyboard"; sourceTree = "<group>"; };
		8AB2E30E2AD2F3850066AB1A /* HeaderView.swift */ = {isa = PBXFileReference; lastKnownFileType = sourcecode.swift; path = HeaderView.swift; sourceTree = "<group>"; };
		8AB2E3142AD5BB3C0066AB1A /* News.json */ = {isa = PBXFileReference; lastKnownFileType = text.json; path = News.json; sourceTree = "<group>"; };
		8AB2E3162AD5BB9D0066AB1A /* Article.swift */ = {isa = PBXFileReference; lastKnownFileType = sourcecode.swift; path = Article.swift; sourceTree = "<group>"; };
		8AB2E3182AD5BDB30066AB1A /* NewsAPIResponse.swift */ = {isa = PBXFileReference; lastKnownFileType = sourcecode.swift; path = NewsAPIResponse.swift; sourceTree = "<group>"; };
		8AB2E31A2AD5D1330066AB1A /* Info.plist */ = {isa = PBXFileReference; lastKnownFileType = text.plist.xml; path = Info.plist; sourceTree = "<group>"; };
		8AB2E31B2AD63FA90066AB1A /* SafariView.swift */ = {isa = PBXFileReference; lastKnownFileType = sourcecode.swift; path = SafariView.swift; sourceTree = "<group>"; };
		8AB2E31F2AD641C00066AB1A /* CardView.swift */ = {isa = PBXFileReference; lastKnownFileType = sourcecode.swift; path = CardView.swift; sourceTree = "<group>"; };
		8AB2E3222AD6466D0066AB1A /* NewsAPI.swift */ = {isa = PBXFileReference; lastKnownFileType = sourcecode.swift; path = NewsAPI.swift; sourceTree = "<group>"; };
		8AB2E3242AD646EF0066AB1A /* Category.swift */ = {isa = PBXFileReference; lastKnownFileType = sourcecode.swift; path = Category.swift; sourceTree = "<group>"; };
		8AB2E3272AD649240066AB1A /* ArticleNewsViewModel.swift */ = {isa = PBXFileReference; lastKnownFileType = sourcecode.swift; path = ArticleNewsViewModel.swift; sourceTree = "<group>"; };
		8AB7D0D72B05728800D1851C /* FooterView.swift */ = {isa = PBXFileReference; lastKnownFileType = sourcecode.swift; path = FooterView.swift; sourceTree = "<group>"; };
		8AB7D0D92B0573B800D1851C /* InfoView.swift */ = {isa = PBXFileReference; lastKnownFileType = sourcecode.swift; path = InfoView.swift; sourceTree = "<group>"; };
		8AB7D0DB2B0573E800D1851C /* HeaderComponent.swift */ = {isa = PBXFileReference; lastKnownFileType = sourcecode.swift; path = HeaderComponent.swift; sourceTree = "<group>"; };
		8AB7D0DD2B05741000D1851C /* TitleModifier.swift */ = {isa = PBXFileReference; lastKnownFileType = sourcecode.swift; path = TitleModifier.swift; sourceTree = "<group>"; };
		8AB7D0DF2B05748E00D1851C /* GuideView.swift */ = {isa = PBXFileReference; lastKnownFileType = sourcecode.swift; path = GuideView.swift; sourceTree = "<group>"; };
		8AB7D0E12B0574B400D1851C /* GuideComponent.swift */ = {isa = PBXFileReference; lastKnownFileType = sourcecode.swift; path = GuideComponent.swift; sourceTree = "<group>"; };
		8AC6118E2AFAA98800F88E52 /* GoogleService-Info.plist */ = {isa = PBXFileReference; fileEncoding = 4; lastKnownFileType = text.plist.xml; path = "GoogleService-Info.plist"; sourceTree = "<group>"; };
		8ACC1EBC2AFED07B009BE432 /* TestCardView.swift */ = {isa = PBXFileReference; lastKnownFileType = sourcecode.swift; path = TestCardView.swift; sourceTree = "<group>"; };
		8ACC1EBF2AFEDC1E009BE432 /* TestHomeView.swift */ = {isa = PBXFileReference; lastKnownFileType = sourcecode.swift; path = TestHomeView.swift; sourceTree = "<group>"; };
		B340272D2ADE165A00B78062 /* InterestSelectionView.swift */ = {isa = PBXFileReference; lastKnownFileType = sourcecode.swift; path = InterestSelectionView.swift; sourceTree = "<group>"; };
		B39CEB9C2AFAAC1300954C3A /* UpdateLocationView.swift */ = {isa = PBXFileReference; lastKnownFileType = sourcecode.swift; path = UpdateLocationView.swift; sourceTree = "<group>"; };
		B39CEB9E2AFAB45900954C3A /* ProfilePhotoView.swift */ = {isa = PBXFileReference; lastKnownFileType = sourcecode.swift; path = ProfilePhotoView.swift; sourceTree = "<group>"; };
		F0194CC82ADE5E3900A2A5C0 /* CreateAccountView.swift */ = {isa = PBXFileReference; lastKnownFileType = sourcecode.swift; path = CreateAccountView.swift; sourceTree = "<group>"; };
		F093DCC42AFA0794009E8DCC /* ForgotPasswordView.swift */ = {isa = PBXFileReference; lastKnownFileType = sourcecode.swift; path = ForgotPasswordView.swift; sourceTree = "<group>"; };
		F0D732FF2ADCFE2F0088DDAB /* LoginView.swift */ = {isa = PBXFileReference; lastKnownFileType = sourcecode.swift; path = LoginView.swift; sourceTree = "<group>"; };
/* End PBXFileReference section */

/* Begin PBXFrameworksBuildPhase section */
		8AB2E2D02AD0DEEA0066AB1A /* Frameworks */ = {
			isa = PBXFrameworksBuildPhase;
			buildActionMask = 2147483647;
			files = (
				F054F3D72AE3154A008597B6 /* FirebaseDatabase in Frameworks */,
				F054F3E52AE3154A008597B6 /* FirebaseFunctionsCombine-Community in Frameworks */,
				F054F3DD2AE3154A008597B6 /* FirebaseFirestore in Frameworks */,
				F054F3C92AE3154A008597B6 /* FirebaseAnalyticsSwift in Frameworks */,
				F054F3C52AE3154A008597B6 /* FirebaseAnalytics in Frameworks */,
				F054F3C72AE3154A008597B6 /* FirebaseAnalyticsOnDeviceConversion in Frameworks */,
				F054F3E12AE3154A008597B6 /* FirebaseFirestoreSwift in Frameworks */,
				F093DCC32AFA0628009E8DCC /* GoogleSignInSwift in Frameworks */,
				F054F3EF2AE3154A008597B6 /* FirebaseMLModelDownloader in Frameworks */,
				F054F3CD2AE3154A008597B6 /* FirebaseAppCheck in Frameworks */,
				F054F3CB2AE3154A008597B6 /* FirebaseAnalyticsWithoutAdIdSupport in Frameworks */,
				F054F3ED2AE3154A008597B6 /* FirebaseMessaging in Frameworks */,
				F054F3D12AE3154A008597B6 /* FirebaseAuth in Frameworks */,
				F054F3F52AE3154A008597B6 /* FirebaseRemoteConfigSwift in Frameworks */,
				F093DCC12AFA0628009E8DCC /* GoogleSignIn in Frameworks */,
				F054F3D52AE3154A008597B6 /* FirebaseCrashlytics in Frameworks */,
				F054F3E72AE3154A008597B6 /* FirebaseInAppMessaging-Beta in Frameworks */,
				F054F3D92AE3154A008597B6 /* FirebaseDatabaseSwift in Frameworks */,
				F054F3F92AE3154A008597B6 /* FirebaseStorageCombine-Community in Frameworks */,
				F054F3F32AE3154A008597B6 /* FirebaseRemoteConfig in Frameworks */,
				F054F3E32AE3154A008597B6 /* FirebaseFunctions in Frameworks */,
				F054F3CF2AE3154A008597B6 /* FirebaseAppDistribution-Beta in Frameworks */,
				F054F3F12AE3154A008597B6 /* FirebasePerformance in Frameworks */,
				F054F3D32AE3154A008597B6 /* FirebaseAuthCombine-Community in Frameworks */,
				F054F3F72AE3154A008597B6 /* FirebaseStorage in Frameworks */,
				F054F3E92AE3154A008597B6 /* FirebaseInAppMessagingSwift-Beta in Frameworks */,
				F054F3DB2AE3154A008597B6 /* FirebaseDynamicLinks in Frameworks */,
				F054F3DF2AE3154A008597B6 /* FirebaseFirestoreCombine-Community in Frameworks */,
				F054F3EB2AE3154A008597B6 /* FirebaseInstallations in Frameworks */,
			);
			runOnlyForDeploymentPostprocessing = 0;
		};
		8AB2E2E52AD0DEEE0066AB1A /* Frameworks */ = {
			isa = PBXFrameworksBuildPhase;
			buildActionMask = 2147483647;
			files = (
			);
			runOnlyForDeploymentPostprocessing = 0;
		};
		8AB2E2EF2AD0DEEE0066AB1A /* Frameworks */ = {
			isa = PBXFrameworksBuildPhase;
			buildActionMask = 2147483647;
			files = (
			);
			runOnlyForDeploymentPostprocessing = 0;
		};
/* End PBXFrameworksBuildPhase section */

/* Begin PBXGroup section */
		8A2B78F12AFB13C100765A4A /* Component */ = {
			isa = PBXGroup;
			children = (
				8AB7D0DB2B0573E800D1851C /* HeaderComponent.swift */,
				8AB7D0E12B0574B400D1851C /* GuideComponent.swift */,
			);
			path = Component;
			sourceTree = "<group>";
		};
		8A2B78F42AFB141400765A4A /* Modifier */ = {
			isa = PBXGroup;
			children = (
				8A2B78F22AFB140E00765A4A /* ButtonModifier.swift */,
				8A2B78F92AFB254000765A4A /* SymbolModifier.swift */,
				8AB7D0DD2B05741000D1851C /* TitleModifier.swift */,
			);
			path = Modifier;
			sourceTree = "<group>";
		};
		8A2B78F52AFB148A00765A4A /* Info */ = {
			isa = PBXGroup;
			children = (
				8AC6118E2AFAA98800F88E52 /* GoogleService-Info.plist */,
				8AB2E31A2AD5D1330066AB1A /* Info.plist */,
			);
			path = Info;
			sourceTree = "<group>";
		};
		8A2B78F62AFB24E200765A4A /* Extension */ = {
			isa = PBXGroup;
			children = (
				8A2B78F72AFB24FC00765A4A /* CardTransition.swift */,
				8A2B78FE2AFB25FB00765A4A /* PlaySound.swift */,
				8A2B79032AFB5B2600765A4A /* AuthViewModel.swift */,
			);
			path = Extension;
			sourceTree = "<group>";
		};
		8A2B78FB2AFB257400765A4A /* Sound */ = {
			isa = PBXGroup;
			children = (
				8A2B78FC2AFB258100765A4A /* swipe.wav */,
			);
			path = Sound;
			sourceTree = "<group>";
		};
		8AB2E2CA2AD0DEEA0066AB1A = {
			isa = PBXGroup;
			children = (
				8AB2E2D52AD0DEEA0066AB1A /* Apollo */,
				8AB2E2EB2AD0DEEE0066AB1A /* ApolloTests */,
				8AB2E2F52AD0DEEE0066AB1A /* ApolloUITests */,
				8AB2E2D42AD0DEEA0066AB1A /* Products */,
				F054F3C32AE3154A008597B6 /* Frameworks */,
			);
			sourceTree = "<group>";
		};
		8AB2E2D42AD0DEEA0066AB1A /* Products */ = {
			isa = PBXGroup;
			children = (
				8AB2E2D32AD0DEEA0066AB1A /* Apollo.app */,
				8AB2E2E82AD0DEEE0066AB1A /* ApolloTests.xctest */,
				8AB2E2F22AD0DEEE0066AB1A /* ApolloUITests.xctest */,
			);
			name = Products;
			sourceTree = "<group>";
		};
		8AB2E2D52AD0DEEA0066AB1A /* Apollo */ = {
			isa = PBXGroup;
			children = (
				8ACC1EBE2AFED082009BE432 /* Testing */,
				8A2B78FB2AFB257400765A4A /* Sound */,
				8A2B78F62AFB24E200765A4A /* Extension */,
				8A2B78F52AFB148A00765A4A /* Info */,
				8A2B78F42AFB141400765A4A /* Modifier */,
				8A2B78F12AFB13C100765A4A /* Component */,
				8AB2E3262AD649090066AB1A /* ViewModel */,
				8AB2E3212AD646560066AB1A /* API */,
				8AB2E3092AD0E70D0066AB1A /* Model */,
				8AB2E30A2AD0E7590066AB1A /* View */,
				8AB2E3052AD0E3180066AB1A /* Launch Screen.storyboard */,
				8AB2E2D62AD0DEEA0066AB1A /* ApolloApp.swift */,
				8AB2E2DF2AD0DEED0066AB1A /* Persistence.swift */,
				8AB2E2DA2AD0DEED0066AB1A /* Assets.xcassets */,
				8AB2E3142AD5BB3C0066AB1A /* News.json */,
				8AB2E2E12AD0DEED0066AB1A /* Apollo.xcdatamodeld */,
				8AB2E2DC2AD0DEED0066AB1A /* Preview Content */,
			);
			path = Apollo;
			sourceTree = "<group>";
		};
		8AB2E2DC2AD0DEED0066AB1A /* Preview Content */ = {
			isa = PBXGroup;
			children = (
				8AB2E2DD2AD0DEED0066AB1A /* Preview Assets.xcassets */,
			);
			path = "Preview Content";
			sourceTree = "<group>";
		};
		8AB2E2EB2AD0DEEE0066AB1A /* ApolloTests */ = {
			isa = PBXGroup;
			children = (
				8AB2E2EC2AD0DEEE0066AB1A /* ApolloTests.swift */,
			);
			path = ApolloTests;
			sourceTree = "<group>";
		};
		8AB2E2F52AD0DEEE0066AB1A /* ApolloUITests */ = {
			isa = PBXGroup;
			children = (
				8AB2E2F62AD0DEEE0066AB1A /* ApolloUITests.swift */,
				8AB2E2F82AD0DEEE0066AB1A /* ApolloUITestsLaunchTests.swift */,
			);
			path = ApolloUITests;
			sourceTree = "<group>";
		};
		8AB2E3092AD0E70D0066AB1A /* Model */ = {
			isa = PBXGroup;
			children = (
				8AB2E3162AD5BB9D0066AB1A /* Article.swift */,
				8AB2E3182AD5BDB30066AB1A /* NewsAPIResponse.swift */,
				8AB2E3242AD646EF0066AB1A /* Category.swift */,
			);
			path = Model;
			sourceTree = "<group>";
		};
		8AB2E30A2AD0E7590066AB1A /* View */ = {
			isa = PBXGroup;
			children = (
				F0D732FF2ADCFE2F0088DDAB /* LoginView.swift */,
				209A710B2B05A904007F4F5D /* NightModeManager.swift */,
				8AB2E2D82AD0DEEA0066AB1A /* SwipeableCardView.swift */,
				F0194CC82ADE5E3900A2A5C0 /* CreateAccountView.swift */,
				8AB2E31F2AD641C00066AB1A /* CardView.swift */,
				B39CEB9E2AFAB45900954C3A /* ProfilePhotoView.swift */,
				202117DE2ADC8BD60083BC0B /* MainSettingsView.swift */,
				2056F4EE2AF87F9C00EA4EE4 /* PasswordChangeView.swift */,
				B340272D2ADE165A00B78062 /* InterestSelectionView.swift */,
				209A710D2B05C3F3007F4F5D /* InterestUpdateView.swift */,
				8AB2E30E2AD2F3850066AB1A /* HeaderView.swift */,
				8AB2E31B2AD63FA90066AB1A /* SafariView.swift */,
				8A674DB52AD78B8F00A63CC1 /* EmptyPlaceholderView.swift */,
				8A674DB72AD78C1C00A63CC1 /* RetryView.swift */,
				F093DCC42AFA0794009E8DCC /* ForgotPasswordView.swift */,
				B39CEB9C2AFAAC1300954C3A /* UpdateLocationView.swift */,
				8A2B79052AFBDDE000765A4A /* HomeView.swift */,
				8AB7D0D72B05728800D1851C /* FooterView.swift */,
				8AB7D0D92B0573B800D1851C /* InfoView.swift */,
				8AB7D0DF2B05748E00D1851C /* GuideView.swift */,
			);
			path = View;
			sourceTree = "<group>";
		};
		8AB2E3212AD646560066AB1A /* API */ = {
			isa = PBXGroup;
			children = (
				8AB2E3222AD6466D0066AB1A /* NewsAPI.swift */,
			);
			path = API;
			sourceTree = "<group>";
		};
		8AB2E3262AD649090066AB1A /* ViewModel */ = {
			isa = PBXGroup;
			children = (
				8A674DB92AD7969D00A63CC1 /* ArticleBookmarkViewModel.swift */,
				8AB2E3272AD649240066AB1A /* ArticleNewsViewModel.swift */,
			);
			path = ViewModel;
			sourceTree = "<group>";
		};
		8ACC1EBE2AFED082009BE432 /* Testing */ = {
			isa = PBXGroup;
			children = (
				8ACC1EBC2AFED07B009BE432 /* TestCardView.swift */,
				8ACC1EBF2AFEDC1E009BE432 /* TestHomeView.swift */,
			);
			path = Testing;
			sourceTree = "<group>";
		};
		F054F3C32AE3154A008597B6 /* Frameworks */ = {
			isa = PBXGroup;
			children = (
			);
			name = Frameworks;
			sourceTree = "<group>";
		};
/* End PBXGroup section */

/* Begin PBXNativeTarget section */
		8AB2E2D22AD0DEEA0066AB1A /* Apollo */ = {
			isa = PBXNativeTarget;
			buildConfigurationList = 8AB2E2FC2AD0DEEE0066AB1A /* Build configuration list for PBXNativeTarget "Apollo" */;
			buildPhases = (
				8AB2E2CF2AD0DEEA0066AB1A /* Sources */,
				8AB2E2D02AD0DEEA0066AB1A /* Frameworks */,
				8AB2E2D12AD0DEEA0066AB1A /* Resources */,
			);
			buildRules = (
			);
			dependencies = (
			);
			name = Apollo;
			packageProductDependencies = (
				F054F3C42AE3154A008597B6 /* FirebaseAnalytics */,
				F054F3C62AE3154A008597B6 /* FirebaseAnalyticsOnDeviceConversion */,
				F054F3C82AE3154A008597B6 /* FirebaseAnalyticsSwift */,
				F054F3CA2AE3154A008597B6 /* FirebaseAnalyticsWithoutAdIdSupport */,
				F054F3CC2AE3154A008597B6 /* FirebaseAppCheck */,
				F054F3CE2AE3154A008597B6 /* FirebaseAppDistribution-Beta */,
				F054F3D02AE3154A008597B6 /* FirebaseAuth */,
				F054F3D22AE3154A008597B6 /* FirebaseAuthCombine-Community */,
				F054F3D42AE3154A008597B6 /* FirebaseCrashlytics */,
				F054F3D62AE3154A008597B6 /* FirebaseDatabase */,
				F054F3D82AE3154A008597B6 /* FirebaseDatabaseSwift */,
				F054F3DA2AE3154A008597B6 /* FirebaseDynamicLinks */,
				F054F3DC2AE3154A008597B6 /* FirebaseFirestore */,
				F054F3DE2AE3154A008597B6 /* FirebaseFirestoreCombine-Community */,
				F054F3E02AE3154A008597B6 /* FirebaseFirestoreSwift */,
				F054F3E22AE3154A008597B6 /* FirebaseFunctions */,
				F054F3E42AE3154A008597B6 /* FirebaseFunctionsCombine-Community */,
				F054F3E62AE3154A008597B6 /* FirebaseInAppMessaging-Beta */,
				F054F3E82AE3154A008597B6 /* FirebaseInAppMessagingSwift-Beta */,
				F054F3EA2AE3154A008597B6 /* FirebaseInstallations */,
				F054F3EC2AE3154A008597B6 /* FirebaseMessaging */,
				F054F3EE2AE3154A008597B6 /* FirebaseMLModelDownloader */,
				F054F3F02AE3154A008597B6 /* FirebasePerformance */,
				F054F3F22AE3154A008597B6 /* FirebaseRemoteConfig */,
				F054F3F42AE3154A008597B6 /* FirebaseRemoteConfigSwift */,
				F054F3F62AE3154A008597B6 /* FirebaseStorage */,
				F054F3F82AE3154A008597B6 /* FirebaseStorageCombine-Community */,
				F093DCC02AFA0628009E8DCC /* GoogleSignIn */,
				F093DCC22AFA0628009E8DCC /* GoogleSignInSwift */,
			);
			productName = Apollo;
			productReference = 8AB2E2D32AD0DEEA0066AB1A /* Apollo.app */;
			productType = "com.apple.product-type.application";
		};
		8AB2E2E72AD0DEEE0066AB1A /* ApolloTests */ = {
			isa = PBXNativeTarget;
			buildConfigurationList = 8AB2E2FF2AD0DEEE0066AB1A /* Build configuration list for PBXNativeTarget "ApolloTests" */;
			buildPhases = (
				8AB2E2E42AD0DEEE0066AB1A /* Sources */,
				8AB2E2E52AD0DEEE0066AB1A /* Frameworks */,
				8AB2E2E62AD0DEEE0066AB1A /* Resources */,
			);
			buildRules = (
			);
			dependencies = (
				8AB2E2EA2AD0DEEE0066AB1A /* PBXTargetDependency */,
			);
			name = ApolloTests;
			productName = ApolloTests;
			productReference = 8AB2E2E82AD0DEEE0066AB1A /* ApolloTests.xctest */;
			productType = "com.apple.product-type.bundle.unit-test";
		};
		8AB2E2F12AD0DEEE0066AB1A /* ApolloUITests */ = {
			isa = PBXNativeTarget;
			buildConfigurationList = 8AB2E3022AD0DEEE0066AB1A /* Build configuration list for PBXNativeTarget "ApolloUITests" */;
			buildPhases = (
				8AB2E2EE2AD0DEEE0066AB1A /* Sources */,
				8AB2E2EF2AD0DEEE0066AB1A /* Frameworks */,
				8AB2E2F02AD0DEEE0066AB1A /* Resources */,
			);
			buildRules = (
			);
			dependencies = (
				8AB2E2F42AD0DEEE0066AB1A /* PBXTargetDependency */,
			);
			name = ApolloUITests;
			productName = ApolloUITests;
			productReference = 8AB2E2F22AD0DEEE0066AB1A /* ApolloUITests.xctest */;
			productType = "com.apple.product-type.bundle.ui-testing";
		};
/* End PBXNativeTarget section */

/* Begin PBXProject section */
		8AB2E2CB2AD0DEEA0066AB1A /* Project object */ = {
			isa = PBXProject;
			attributes = {
				BuildIndependentTargetsInParallel = 1;
				LastSwiftUpdateCheck = 1500;
				LastUpgradeCheck = 1500;
				TargetAttributes = {
					8AB2E2D22AD0DEEA0066AB1A = {
						CreatedOnToolsVersion = 15.0;
					};
					8AB2E2E72AD0DEEE0066AB1A = {
						CreatedOnToolsVersion = 15.0;
						TestTargetID = 8AB2E2D22AD0DEEA0066AB1A;
					};
					8AB2E2F12AD0DEEE0066AB1A = {
						CreatedOnToolsVersion = 15.0;
						TestTargetID = 8AB2E2D22AD0DEEA0066AB1A;
					};
				};
			};
			buildConfigurationList = 8AB2E2CE2AD0DEEA0066AB1A /* Build configuration list for PBXProject "Apollo" */;
			compatibilityVersion = "Xcode 14.0";
			developmentRegion = en;
			hasScannedForEncodings = 0;
			knownRegions = (
				en,
				Base,
			);
			mainGroup = 8AB2E2CA2AD0DEEA0066AB1A;
			packageReferences = (
				F054F3C22AE312CB008597B6 /* XCRemoteSwiftPackageReference "firebase-ios-sdk" */,
				F093DCBF2AFA0582009E8DCC /* XCRemoteSwiftPackageReference "GoogleSignIn-iOS" */,
			);
			productRefGroup = 8AB2E2D42AD0DEEA0066AB1A /* Products */;
			projectDirPath = "";
			projectRoot = "";
			targets = (
				8AB2E2D22AD0DEEA0066AB1A /* Apollo */,
				8AB2E2E72AD0DEEE0066AB1A /* ApolloTests */,
				8AB2E2F12AD0DEEE0066AB1A /* ApolloUITests */,
			);
		};
/* End PBXProject section */

/* Begin PBXResourcesBuildPhase section */
		8AB2E2D12AD0DEEA0066AB1A /* Resources */ = {
			isa = PBXResourcesBuildPhase;
			buildActionMask = 2147483647;
			files = (
				8AB2E3062AD0E3180066AB1A /* Launch Screen.storyboard in Resources */,
				8AB2E2DE2AD0DEED0066AB1A /* Preview Assets.xcassets in Resources */,
				8AB2E3152AD5BB3C0066AB1A /* News.json in Resources */,
				8AB2E2DB2AD0DEED0066AB1A /* Assets.xcassets in Resources */,
				8A2B78FD2AFB258100765A4A /* swipe.wav in Resources */,
				8AC6118F2AFAA98800F88E52 /* GoogleService-Info.plist in Resources */,
			);
			runOnlyForDeploymentPostprocessing = 0;
		};
		8AB2E2E62AD0DEEE0066AB1A /* Resources */ = {
			isa = PBXResourcesBuildPhase;
			buildActionMask = 2147483647;
			files = (
			);
			runOnlyForDeploymentPostprocessing = 0;
		};
		8AB2E2F02AD0DEEE0066AB1A /* Resources */ = {
			isa = PBXResourcesBuildPhase;
			buildActionMask = 2147483647;
			files = (
			);
			runOnlyForDeploymentPostprocessing = 0;
		};
/* End PBXResourcesBuildPhase section */

/* Begin PBXSourcesBuildPhase section */
		8AB2E2CF2AD0DEEA0066AB1A /* Sources */ = {
			isa = PBXSourcesBuildPhase;
			buildActionMask = 2147483647;
			files = (
				8A2B78FF2AFB25FB00765A4A /* PlaySound.swift in Sources */,
				8AB7D0DA2B0573B800D1851C /* InfoView.swift in Sources */,
				8AB2E3282AD649240066AB1A /* ArticleNewsViewModel.swift in Sources */,
				B39CEB9F2AFAB45900954C3A /* ProfilePhotoView.swift in Sources */,
				8A2B78FA2AFB254000765A4A /* SymbolModifier.swift in Sources */,
				8AB2E2E02AD0DEED0066AB1A /* Persistence.swift in Sources */,
				8AB2E31C2AD63FA90066AB1A /* SafariView.swift in Sources */,
				F0D733002ADCFE2F0088DDAB /* LoginView.swift in Sources */,
				202117DF2ADC8BD70083BC0B /* MainSettingsView.swift in Sources */,
				8A674DB82AD78C1C00A63CC1 /* RetryView.swift in Sources */,
				8A2B78F82AFB24FC00765A4A /* CardTransition.swift in Sources */,
				F093DCC52AFA0794009E8DCC /* ForgotPasswordView.swift in Sources */,
				8AB2E2D92AD0DEEA0066AB1A /* SwipeableCardView.swift in Sources */,
				209A710E2B05C3F3007F4F5D /* InterestUpdateView.swift in Sources */,
				8A2B79062AFBDDE000765A4A /* HomeView.swift in Sources */,
				8ACC1EC02AFEDC1E009BE432 /* TestHomeView.swift in Sources */,
				8AB2E2E32AD0DEED0066AB1A /* Apollo.xcdatamodeld in Sources */,
				8ACC1EBD2AFED07B009BE432 /* TestCardView.swift in Sources */,
				8A674DB62AD78B8F00A63CC1 /* EmptyPlaceholderView.swift in Sources */,
				8AB2E3192AD5BDB30066AB1A /* NewsAPIResponse.swift in Sources */,
				F0194CC92ADE5E3900A2A5C0 /* CreateAccountView.swift in Sources */,
				2056F4EF2AF87F9C00EA4EE4 /* PasswordChangeView.swift in Sources */,
				8A674DBA2AD7969D00A63CC1 /* ArticleBookmarkViewModel.swift in Sources */,
				8AB7D0DC2B0573E800D1851C /* HeaderComponent.swift in Sources */,
				8AB7D0D82B05728800D1851C /* FooterView.swift in Sources */,
				8AB7D0E22B0574B400D1851C /* GuideComponent.swift in Sources */,
				B39CEB9D2AFAAC1300954C3A /* UpdateLocationView.swift in Sources */,
				8AB2E2D72AD0DEEA0066AB1A /* ApolloApp.swift in Sources */,
				8AB2E3172AD5BB9D0066AB1A /* Article.swift in Sources */,
				8AB7D0E02B05748E00D1851C /* GuideView.swift in Sources */,
				8AB2E3202AD641C00066AB1A /* CardView.swift in Sources */,
				8AB7D0DE2B05741000D1851C /* TitleModifier.swift in Sources */,
				8AB2E3252AD646EF0066AB1A /* Category.swift in Sources */,
				B340272E2ADE165A00B78062 /* InterestSelectionView.swift in Sources */,
				8A2B79042AFB5B2600765A4A /* AuthViewModel.swift in Sources */,
				8AB2E30F2AD2F3850066AB1A /* HeaderView.swift in Sources */,
				8AB2E3232AD6466D0066AB1A /* NewsAPI.swift in Sources */,
				8A2B78F32AFB140E00765A4A /* ButtonModifier.swift in Sources */,
				209A710C2B05A904007F4F5D /* NightModeManager.swift in Sources */,
			);
			runOnlyForDeploymentPostprocessing = 0;
		};
		8AB2E2E42AD0DEEE0066AB1A /* Sources */ = {
			isa = PBXSourcesBuildPhase;
			buildActionMask = 2147483647;
			files = (
				8AB2E2ED2AD0DEEE0066AB1A /* ApolloTests.swift in Sources */,
			);
			runOnlyForDeploymentPostprocessing = 0;
		};
		8AB2E2EE2AD0DEEE0066AB1A /* Sources */ = {
			isa = PBXSourcesBuildPhase;
			buildActionMask = 2147483647;
			files = (
				8AB2E2F72AD0DEEE0066AB1A /* ApolloUITests.swift in Sources */,
				8AB2E2F92AD0DEEE0066AB1A /* ApolloUITestsLaunchTests.swift in Sources */,
			);
			runOnlyForDeploymentPostprocessing = 0;
		};
/* End PBXSourcesBuildPhase section */

/* Begin PBXTargetDependency section */
		8AB2E2EA2AD0DEEE0066AB1A /* PBXTargetDependency */ = {
			isa = PBXTargetDependency;
			target = 8AB2E2D22AD0DEEA0066AB1A /* Apollo */;
			targetProxy = 8AB2E2E92AD0DEEE0066AB1A /* PBXContainerItemProxy */;
		};
		8AB2E2F42AD0DEEE0066AB1A /* PBXTargetDependency */ = {
			isa = PBXTargetDependency;
			target = 8AB2E2D22AD0DEEA0066AB1A /* Apollo */;
			targetProxy = 8AB2E2F32AD0DEEE0066AB1A /* PBXContainerItemProxy */;
		};
/* End PBXTargetDependency section */

/* Begin XCBuildConfiguration section */
		8AB2E2FA2AD0DEEE0066AB1A /* Debug */ = {
			isa = XCBuildConfiguration;
			buildSettings = {
				ALWAYS_SEARCH_USER_PATHS = NO;
				ASSETCATALOG_COMPILER_GENERATE_SWIFT_ASSET_SYMBOL_EXTENSIONS = YES;
				CLANG_ANALYZER_NONNULL = YES;
				CLANG_ANALYZER_NUMBER_OBJECT_CONVERSION = YES_AGGRESSIVE;
				CLANG_CXX_LANGUAGE_STANDARD = "gnu++20";
				CLANG_ENABLE_MODULES = YES;
				CLANG_ENABLE_OBJC_ARC = YES;
				CLANG_ENABLE_OBJC_WEAK = YES;
				CLANG_WARN_BLOCK_CAPTURE_AUTORELEASING = YES;
				CLANG_WARN_BOOL_CONVERSION = YES;
				CLANG_WARN_COMMA = YES;
				CLANG_WARN_CONSTANT_CONVERSION = YES;
				CLANG_WARN_DEPRECATED_OBJC_IMPLEMENTATIONS = YES;
				CLANG_WARN_DIRECT_OBJC_ISA_USAGE = YES_ERROR;
				CLANG_WARN_DOCUMENTATION_COMMENTS = YES;
				CLANG_WARN_EMPTY_BODY = YES;
				CLANG_WARN_ENUM_CONVERSION = YES;
				CLANG_WARN_INFINITE_RECURSION = YES;
				CLANG_WARN_INT_CONVERSION = YES;
				CLANG_WARN_NON_LITERAL_NULL_CONVERSION = YES;
				CLANG_WARN_OBJC_IMPLICIT_RETAIN_SELF = YES;
				CLANG_WARN_OBJC_LITERAL_CONVERSION = YES;
				CLANG_WARN_OBJC_ROOT_CLASS = YES_ERROR;
				CLANG_WARN_QUOTED_INCLUDE_IN_FRAMEWORK_HEADER = YES;
				CLANG_WARN_RANGE_LOOP_ANALYSIS = YES;
				CLANG_WARN_STRICT_PROTOTYPES = YES;
				CLANG_WARN_SUSPICIOUS_MOVE = YES;
				CLANG_WARN_UNGUARDED_AVAILABILITY = YES_AGGRESSIVE;
				CLANG_WARN_UNREACHABLE_CODE = YES;
				CLANG_WARN__DUPLICATE_METHOD_MATCH = YES;
				COPY_PHASE_STRIP = NO;
				DEBUG_INFORMATION_FORMAT = dwarf;
				ENABLE_STRICT_OBJC_MSGSEND = YES;
				ENABLE_TESTABILITY = YES;
				ENABLE_USER_SCRIPT_SANDBOXING = YES;
				GCC_C_LANGUAGE_STANDARD = gnu17;
				GCC_DYNAMIC_NO_PIC = NO;
				GCC_NO_COMMON_BLOCKS = YES;
				GCC_OPTIMIZATION_LEVEL = 0;
				GCC_PREPROCESSOR_DEFINITIONS = (
					"DEBUG=1",
					"$(inherited)",
				);
				GCC_WARN_64_TO_32_BIT_CONVERSION = YES;
				GCC_WARN_ABOUT_RETURN_TYPE = YES_ERROR;
				GCC_WARN_UNDECLARED_SELECTOR = YES;
				GCC_WARN_UNINITIALIZED_AUTOS = YES_AGGRESSIVE;
				GCC_WARN_UNUSED_FUNCTION = YES;
				GCC_WARN_UNUSED_VARIABLE = YES;
				IPHONEOS_DEPLOYMENT_TARGET = 17.0;
				LOCALIZATION_PREFERS_STRING_CATALOGS = YES;
				MTL_ENABLE_DEBUG_INFO = INCLUDE_SOURCE;
				MTL_FAST_MATH = YES;
				ONLY_ACTIVE_ARCH = YES;
				SDKROOT = iphoneos;
				SWIFT_ACTIVE_COMPILATION_CONDITIONS = "DEBUG $(inherited)";
				SWIFT_OPTIMIZATION_LEVEL = "-Onone";
			};
			name = Debug;
		};
		8AB2E2FB2AD0DEEE0066AB1A /* Release */ = {
			isa = XCBuildConfiguration;
			buildSettings = {
				ALWAYS_SEARCH_USER_PATHS = NO;
				ASSETCATALOG_COMPILER_GENERATE_SWIFT_ASSET_SYMBOL_EXTENSIONS = YES;
				CLANG_ANALYZER_NONNULL = YES;
				CLANG_ANALYZER_NUMBER_OBJECT_CONVERSION = YES_AGGRESSIVE;
				CLANG_CXX_LANGUAGE_STANDARD = "gnu++20";
				CLANG_ENABLE_MODULES = YES;
				CLANG_ENABLE_OBJC_ARC = YES;
				CLANG_ENABLE_OBJC_WEAK = YES;
				CLANG_WARN_BLOCK_CAPTURE_AUTORELEASING = YES;
				CLANG_WARN_BOOL_CONVERSION = YES;
				CLANG_WARN_COMMA = YES;
				CLANG_WARN_CONSTANT_CONVERSION = YES;
				CLANG_WARN_DEPRECATED_OBJC_IMPLEMENTATIONS = YES;
				CLANG_WARN_DIRECT_OBJC_ISA_USAGE = YES_ERROR;
				CLANG_WARN_DOCUMENTATION_COMMENTS = YES;
				CLANG_WARN_EMPTY_BODY = YES;
				CLANG_WARN_ENUM_CONVERSION = YES;
				CLANG_WARN_INFINITE_RECURSION = YES;
				CLANG_WARN_INT_CONVERSION = YES;
				CLANG_WARN_NON_LITERAL_NULL_CONVERSION = YES;
				CLANG_WARN_OBJC_IMPLICIT_RETAIN_SELF = YES;
				CLANG_WARN_OBJC_LITERAL_CONVERSION = YES;
				CLANG_WARN_OBJC_ROOT_CLASS = YES_ERROR;
				CLANG_WARN_QUOTED_INCLUDE_IN_FRAMEWORK_HEADER = YES;
				CLANG_WARN_RANGE_LOOP_ANALYSIS = YES;
				CLANG_WARN_STRICT_PROTOTYPES = YES;
				CLANG_WARN_SUSPICIOUS_MOVE = YES;
				CLANG_WARN_UNGUARDED_AVAILABILITY = YES_AGGRESSIVE;
				CLANG_WARN_UNREACHABLE_CODE = YES;
				CLANG_WARN__DUPLICATE_METHOD_MATCH = YES;
				COPY_PHASE_STRIP = NO;
				DEBUG_INFORMATION_FORMAT = "dwarf-with-dsym";
				ENABLE_NS_ASSERTIONS = NO;
				ENABLE_STRICT_OBJC_MSGSEND = YES;
				ENABLE_USER_SCRIPT_SANDBOXING = YES;
				GCC_C_LANGUAGE_STANDARD = gnu17;
				GCC_NO_COMMON_BLOCKS = YES;
				GCC_WARN_64_TO_32_BIT_CONVERSION = YES;
				GCC_WARN_ABOUT_RETURN_TYPE = YES_ERROR;
				GCC_WARN_UNDECLARED_SELECTOR = YES;
				GCC_WARN_UNINITIALIZED_AUTOS = YES_AGGRESSIVE;
				GCC_WARN_UNUSED_FUNCTION = YES;
				GCC_WARN_UNUSED_VARIABLE = YES;
				IPHONEOS_DEPLOYMENT_TARGET = 17.0;
				LOCALIZATION_PREFERS_STRING_CATALOGS = YES;
				MTL_ENABLE_DEBUG_INFO = NO;
				MTL_FAST_MATH = YES;
				SDKROOT = iphoneos;
				SWIFT_COMPILATION_MODE = wholemodule;
				VALIDATE_PRODUCT = YES;
			};
			name = Release;
		};
		8AB2E2FD2AD0DEEE0066AB1A /* Debug */ = {
			isa = XCBuildConfiguration;
			buildSettings = {
				ASSETCATALOG_COMPILER_APPICON_NAME = AppIcon;
				ASSETCATALOG_COMPILER_GLOBAL_ACCENT_COLOR_NAME = AccentColor;
				CODE_SIGN_STYLE = Automatic;
				CURRENT_PROJECT_VERSION = 1;
				DEVELOPMENT_ASSET_PATHS = "\"Apollo/Preview Content\"";
				DEVELOPMENT_TEAM = N235R65SQF;
				ENABLE_PREVIEWS = YES;
				GENERATE_INFOPLIST_FILE = YES;
				INFOPLIST_FILE = Apollo/Info/Info.plist;
				INFOPLIST_KEY_NSLocationWhenInUseUsageDescription = "We use your location to curate relevant local news";
				INFOPLIST_KEY_NSPhotoLibraryUsageDescription = "";
				INFOPLIST_KEY_UIApplicationSceneManifest_Generation = YES;
				INFOPLIST_KEY_UIApplicationSupportsIndirectInputEvents = YES;
				INFOPLIST_KEY_UILaunchScreen_Generation = YES;
				INFOPLIST_KEY_UILaunchStoryboardName = "Launch Screen.storyboard";
				INFOPLIST_KEY_UISupportedInterfaceOrientations_iPad = "UIInterfaceOrientationPortrait UIInterfaceOrientationPortraitUpsideDown UIInterfaceOrientationLandscapeLeft UIInterfaceOrientationLandscapeRight";
				INFOPLIST_KEY_UISupportedInterfaceOrientations_iPhone = "UIInterfaceOrientationPortrait UIInterfaceOrientationLandscapeLeft UIInterfaceOrientationLandscapeRight";
				LD_RUNPATH_SEARCH_PATHS = (
					"$(inherited)",
					"@executable_path/Frameworks",
				);
				MARKETING_VERSION = 1.0;
				PRODUCT_BUNDLE_IDENTIFIER = kavin.Apollo;
				PRODUCT_NAME = "$(TARGET_NAME)";
				SWIFT_EMIT_LOC_STRINGS = YES;
				SWIFT_VERSION = 5.0;
				TARGETED_DEVICE_FAMILY = "1,2";
			};
			name = Debug;
		};
		8AB2E2FE2AD0DEEE0066AB1A /* Release */ = {
			isa = XCBuildConfiguration;
			buildSettings = {
				ASSETCATALOG_COMPILER_APPICON_NAME = AppIcon;
				ASSETCATALOG_COMPILER_GLOBAL_ACCENT_COLOR_NAME = AccentColor;
				CODE_SIGN_STYLE = Automatic;
				CURRENT_PROJECT_VERSION = 1;
				DEVELOPMENT_ASSET_PATHS = "\"Apollo/Preview Content\"";
				DEVELOPMENT_TEAM = N235R65SQF;
				ENABLE_PREVIEWS = YES;
				GENERATE_INFOPLIST_FILE = YES;
				INFOPLIST_FILE = Apollo/Info/Info.plist;
				INFOPLIST_KEY_NSLocationWhenInUseUsageDescription = "We use your location to curate relevant local news";
				INFOPLIST_KEY_NSPhotoLibraryUsageDescription = "";
				INFOPLIST_KEY_UIApplicationSceneManifest_Generation = YES;
				INFOPLIST_KEY_UIApplicationSupportsIndirectInputEvents = YES;
				INFOPLIST_KEY_UILaunchScreen_Generation = YES;
				INFOPLIST_KEY_UILaunchStoryboardName = "Launch Screen.storyboard";
				INFOPLIST_KEY_UISupportedInterfaceOrientations_iPad = "UIInterfaceOrientationPortrait UIInterfaceOrientationPortraitUpsideDown UIInterfaceOrientationLandscapeLeft UIInterfaceOrientationLandscapeRight";
				INFOPLIST_KEY_UISupportedInterfaceOrientations_iPhone = "UIInterfaceOrientationPortrait UIInterfaceOrientationLandscapeLeft UIInterfaceOrientationLandscapeRight";
				LD_RUNPATH_SEARCH_PATHS = (
					"$(inherited)",
					"@executable_path/Frameworks",
				);
				MARKETING_VERSION = 1.0;
				PRODUCT_BUNDLE_IDENTIFIER = kavin.Apollo;
				PRODUCT_NAME = "$(TARGET_NAME)";
				SWIFT_EMIT_LOC_STRINGS = YES;
				SWIFT_VERSION = 5.0;
				TARGETED_DEVICE_FAMILY = "1,2";
			};
			name = Release;
		};
		8AB2E3002AD0DEEE0066AB1A /* Debug */ = {
			isa = XCBuildConfiguration;
			buildSettings = {
				ALWAYS_EMBED_SWIFT_STANDARD_LIBRARIES = YES;
				BUNDLE_LOADER = "$(TEST_HOST)";
				CODE_SIGN_STYLE = Automatic;
				CURRENT_PROJECT_VERSION = 1;
				DEVELOPMENT_TEAM = N235R65SQF;
				GENERATE_INFOPLIST_FILE = YES;
				IPHONEOS_DEPLOYMENT_TARGET = 17.0;
				MARKETING_VERSION = 1.0;
				PRODUCT_BUNDLE_IDENTIFIER = kavin.ApolloTests;
				PRODUCT_NAME = "$(TARGET_NAME)";
				SWIFT_EMIT_LOC_STRINGS = NO;
				SWIFT_VERSION = 5.0;
				TARGETED_DEVICE_FAMILY = "1,2";
				TEST_HOST = "$(BUILT_PRODUCTS_DIR)/Apollo.app/$(BUNDLE_EXECUTABLE_FOLDER_PATH)/Apollo";
			};
			name = Debug;
		};
		8AB2E3012AD0DEEE0066AB1A /* Release */ = {
			isa = XCBuildConfiguration;
			buildSettings = {
				ALWAYS_EMBED_SWIFT_STANDARD_LIBRARIES = YES;
				BUNDLE_LOADER = "$(TEST_HOST)";
				CODE_SIGN_STYLE = Automatic;
				CURRENT_PROJECT_VERSION = 1;
				DEVELOPMENT_TEAM = N235R65SQF;
				GENERATE_INFOPLIST_FILE = YES;
				IPHONEOS_DEPLOYMENT_TARGET = 17.0;
				MARKETING_VERSION = 1.0;
				PRODUCT_BUNDLE_IDENTIFIER = kavin.ApolloTests;
				PRODUCT_NAME = "$(TARGET_NAME)";
				SWIFT_EMIT_LOC_STRINGS = NO;
				SWIFT_VERSION = 5.0;
				TARGETED_DEVICE_FAMILY = "1,2";
				TEST_HOST = "$(BUILT_PRODUCTS_DIR)/Apollo.app/$(BUNDLE_EXECUTABLE_FOLDER_PATH)/Apollo";
			};
			name = Release;
		};
		8AB2E3032AD0DEEE0066AB1A /* Debug */ = {
			isa = XCBuildConfiguration;
			buildSettings = {
				ALWAYS_EMBED_SWIFT_STANDARD_LIBRARIES = YES;
				CODE_SIGN_STYLE = Automatic;
				CURRENT_PROJECT_VERSION = 1;
				DEVELOPMENT_TEAM = N235R65SQF;
				GENERATE_INFOPLIST_FILE = YES;
				MARKETING_VERSION = 1.0;
				PRODUCT_BUNDLE_IDENTIFIER = kavin.ApolloUITests;
				PRODUCT_NAME = "$(TARGET_NAME)";
				SWIFT_EMIT_LOC_STRINGS = NO;
				SWIFT_VERSION = 5.0;
				TARGETED_DEVICE_FAMILY = "1,2";
				TEST_TARGET_NAME = Apollo;
			};
			name = Debug;
		};
		8AB2E3042AD0DEEE0066AB1A /* Release */ = {
			isa = XCBuildConfiguration;
			buildSettings = {
				ALWAYS_EMBED_SWIFT_STANDARD_LIBRARIES = YES;
				CODE_SIGN_STYLE = Automatic;
				CURRENT_PROJECT_VERSION = 1;
				DEVELOPMENT_TEAM = N235R65SQF;
				GENERATE_INFOPLIST_FILE = YES;
				MARKETING_VERSION = 1.0;
				PRODUCT_BUNDLE_IDENTIFIER = kavin.ApolloUITests;
				PRODUCT_NAME = "$(TARGET_NAME)";
				SWIFT_EMIT_LOC_STRINGS = NO;
				SWIFT_VERSION = 5.0;
				TARGETED_DEVICE_FAMILY = "1,2";
				TEST_TARGET_NAME = Apollo;
			};
			name = Release;
		};
/* End XCBuildConfiguration section */

/* Begin XCConfigurationList section */
		8AB2E2CE2AD0DEEA0066AB1A /* Build configuration list for PBXProject "Apollo" */ = {
			isa = XCConfigurationList;
			buildConfigurations = (
				8AB2E2FA2AD0DEEE0066AB1A /* Debug */,
				8AB2E2FB2AD0DEEE0066AB1A /* Release */,
			);
			defaultConfigurationIsVisible = 0;
			defaultConfigurationName = Release;
		};
		8AB2E2FC2AD0DEEE0066AB1A /* Build configuration list for PBXNativeTarget "Apollo" */ = {
			isa = XCConfigurationList;
			buildConfigurations = (
				8AB2E2FD2AD0DEEE0066AB1A /* Debug */,
				8AB2E2FE2AD0DEEE0066AB1A /* Release */,
			);
			defaultConfigurationIsVisible = 0;
			defaultConfigurationName = Release;
		};
		8AB2E2FF2AD0DEEE0066AB1A /* Build configuration list for PBXNativeTarget "ApolloTests" */ = {
			isa = XCConfigurationList;
			buildConfigurations = (
				8AB2E3002AD0DEEE0066AB1A /* Debug */,
				8AB2E3012AD0DEEE0066AB1A /* Release */,
			);
			defaultConfigurationIsVisible = 0;
			defaultConfigurationName = Release;
		};
		8AB2E3022AD0DEEE0066AB1A /* Build configuration list for PBXNativeTarget "ApolloUITests" */ = {
			isa = XCConfigurationList;
			buildConfigurations = (
				8AB2E3032AD0DEEE0066AB1A /* Debug */,
				8AB2E3042AD0DEEE0066AB1A /* Release */,
			);
			defaultConfigurationIsVisible = 0;
			defaultConfigurationName = Release;
		};
/* End XCConfigurationList section */

/* Begin XCRemoteSwiftPackageReference section */
		F054F3C22AE312CB008597B6 /* XCRemoteSwiftPackageReference "firebase-ios-sdk" */ = {
			isa = XCRemoteSwiftPackageReference;
			repositoryURL = "https://github.com/firebase/firebase-ios-sdk";
			requirement = {
				kind = upToNextMajorVersion;
				minimumVersion = 10.16.0;
			};
		};
		F093DCBF2AFA0582009E8DCC /* XCRemoteSwiftPackageReference "GoogleSignIn-iOS" */ = {
			isa = XCRemoteSwiftPackageReference;
			repositoryURL = "https://github.com/google/GoogleSignIn-iOS";
			requirement = {
				kind = upToNextMajorVersion;
				minimumVersion = 7.0.0;
			};
		};
/* End XCRemoteSwiftPackageReference section */

/* Begin XCSwiftPackageProductDependency section */
		F054F3C42AE3154A008597B6 /* FirebaseAnalytics */ = {
			isa = XCSwiftPackageProductDependency;
			package = F054F3C22AE312CB008597B6 /* XCRemoteSwiftPackageReference "firebase-ios-sdk" */;
			productName = FirebaseAnalytics;
		};
		F054F3C62AE3154A008597B6 /* FirebaseAnalyticsOnDeviceConversion */ = {
			isa = XCSwiftPackageProductDependency;
			package = F054F3C22AE312CB008597B6 /* XCRemoteSwiftPackageReference "firebase-ios-sdk" */;
			productName = FirebaseAnalyticsOnDeviceConversion;
		};
		F054F3C82AE3154A008597B6 /* FirebaseAnalyticsSwift */ = {
			isa = XCSwiftPackageProductDependency;
			package = F054F3C22AE312CB008597B6 /* XCRemoteSwiftPackageReference "firebase-ios-sdk" */;
			productName = FirebaseAnalyticsSwift;
		};
		F054F3CA2AE3154A008597B6 /* FirebaseAnalyticsWithoutAdIdSupport */ = {
			isa = XCSwiftPackageProductDependency;
			package = F054F3C22AE312CB008597B6 /* XCRemoteSwiftPackageReference "firebase-ios-sdk" */;
			productName = FirebaseAnalyticsWithoutAdIdSupport;
		};
		F054F3CC2AE3154A008597B6 /* FirebaseAppCheck */ = {
			isa = XCSwiftPackageProductDependency;
			package = F054F3C22AE312CB008597B6 /* XCRemoteSwiftPackageReference "firebase-ios-sdk" */;
			productName = FirebaseAppCheck;
		};
		F054F3CE2AE3154A008597B6 /* FirebaseAppDistribution-Beta */ = {
			isa = XCSwiftPackageProductDependency;
			package = F054F3C22AE312CB008597B6 /* XCRemoteSwiftPackageReference "firebase-ios-sdk" */;
			productName = "FirebaseAppDistribution-Beta";
		};
		F054F3D02AE3154A008597B6 /* FirebaseAuth */ = {
			isa = XCSwiftPackageProductDependency;
			package = F054F3C22AE312CB008597B6 /* XCRemoteSwiftPackageReference "firebase-ios-sdk" */;
			productName = FirebaseAuth;
		};
		F054F3D22AE3154A008597B6 /* FirebaseAuthCombine-Community */ = {
			isa = XCSwiftPackageProductDependency;
			package = F054F3C22AE312CB008597B6 /* XCRemoteSwiftPackageReference "firebase-ios-sdk" */;
			productName = "FirebaseAuthCombine-Community";
		};
		F054F3D42AE3154A008597B6 /* FirebaseCrashlytics */ = {
			isa = XCSwiftPackageProductDependency;
			package = F054F3C22AE312CB008597B6 /* XCRemoteSwiftPackageReference "firebase-ios-sdk" */;
			productName = FirebaseCrashlytics;
		};
		F054F3D62AE3154A008597B6 /* FirebaseDatabase */ = {
			isa = XCSwiftPackageProductDependency;
			package = F054F3C22AE312CB008597B6 /* XCRemoteSwiftPackageReference "firebase-ios-sdk" */;
			productName = FirebaseDatabase;
		};
		F054F3D82AE3154A008597B6 /* FirebaseDatabaseSwift */ = {
			isa = XCSwiftPackageProductDependency;
			package = F054F3C22AE312CB008597B6 /* XCRemoteSwiftPackageReference "firebase-ios-sdk" */;
			productName = FirebaseDatabaseSwift;
		};
		F054F3DA2AE3154A008597B6 /* FirebaseDynamicLinks */ = {
			isa = XCSwiftPackageProductDependency;
			package = F054F3C22AE312CB008597B6 /* XCRemoteSwiftPackageReference "firebase-ios-sdk" */;
			productName = FirebaseDynamicLinks;
		};
		F054F3DC2AE3154A008597B6 /* FirebaseFirestore */ = {
			isa = XCSwiftPackageProductDependency;
			package = F054F3C22AE312CB008597B6 /* XCRemoteSwiftPackageReference "firebase-ios-sdk" */;
			productName = FirebaseFirestore;
		};
		F054F3DE2AE3154A008597B6 /* FirebaseFirestoreCombine-Community */ = {
			isa = XCSwiftPackageProductDependency;
			package = F054F3C22AE312CB008597B6 /* XCRemoteSwiftPackageReference "firebase-ios-sdk" */;
			productName = "FirebaseFirestoreCombine-Community";
		};
		F054F3E02AE3154A008597B6 /* FirebaseFirestoreSwift */ = {
			isa = XCSwiftPackageProductDependency;
			package = F054F3C22AE312CB008597B6 /* XCRemoteSwiftPackageReference "firebase-ios-sdk" */;
			productName = FirebaseFirestoreSwift;
		};
		F054F3E22AE3154A008597B6 /* FirebaseFunctions */ = {
			isa = XCSwiftPackageProductDependency;
			package = F054F3C22AE312CB008597B6 /* XCRemoteSwiftPackageReference "firebase-ios-sdk" */;
			productName = FirebaseFunctions;
		};
		F054F3E42AE3154A008597B6 /* FirebaseFunctionsCombine-Community */ = {
			isa = XCSwiftPackageProductDependency;
			package = F054F3C22AE312CB008597B6 /* XCRemoteSwiftPackageReference "firebase-ios-sdk" */;
			productName = "FirebaseFunctionsCombine-Community";
		};
		F054F3E62AE3154A008597B6 /* FirebaseInAppMessaging-Beta */ = {
			isa = XCSwiftPackageProductDependency;
			package = F054F3C22AE312CB008597B6 /* XCRemoteSwiftPackageReference "firebase-ios-sdk" */;
			productName = "FirebaseInAppMessaging-Beta";
		};
		F054F3E82AE3154A008597B6 /* FirebaseInAppMessagingSwift-Beta */ = {
			isa = XCSwiftPackageProductDependency;
			package = F054F3C22AE312CB008597B6 /* XCRemoteSwiftPackageReference "firebase-ios-sdk" */;
			productName = "FirebaseInAppMessagingSwift-Beta";
		};
		F054F3EA2AE3154A008597B6 /* FirebaseInstallations */ = {
			isa = XCSwiftPackageProductDependency;
			package = F054F3C22AE312CB008597B6 /* XCRemoteSwiftPackageReference "firebase-ios-sdk" */;
			productName = FirebaseInstallations;
		};
		F054F3EC2AE3154A008597B6 /* FirebaseMessaging */ = {
			isa = XCSwiftPackageProductDependency;
			package = F054F3C22AE312CB008597B6 /* XCRemoteSwiftPackageReference "firebase-ios-sdk" */;
			productName = FirebaseMessaging;
		};
		F054F3EE2AE3154A008597B6 /* FirebaseMLModelDownloader */ = {
			isa = XCSwiftPackageProductDependency;
			package = F054F3C22AE312CB008597B6 /* XCRemoteSwiftPackageReference "firebase-ios-sdk" */;
			productName = FirebaseMLModelDownloader;
		};
		F054F3F02AE3154A008597B6 /* FirebasePerformance */ = {
			isa = XCSwiftPackageProductDependency;
			package = F054F3C22AE312CB008597B6 /* XCRemoteSwiftPackageReference "firebase-ios-sdk" */;
			productName = FirebasePerformance;
		};
		F054F3F22AE3154A008597B6 /* FirebaseRemoteConfig */ = {
			isa = XCSwiftPackageProductDependency;
			package = F054F3C22AE312CB008597B6 /* XCRemoteSwiftPackageReference "firebase-ios-sdk" */;
			productName = FirebaseRemoteConfig;
		};
		F054F3F42AE3154A008597B6 /* FirebaseRemoteConfigSwift */ = {
			isa = XCSwiftPackageProductDependency;
			package = F054F3C22AE312CB008597B6 /* XCRemoteSwiftPackageReference "firebase-ios-sdk" */;
			productName = FirebaseRemoteConfigSwift;
		};
		F054F3F62AE3154A008597B6 /* FirebaseStorage */ = {
			isa = XCSwiftPackageProductDependency;
			package = F054F3C22AE312CB008597B6 /* XCRemoteSwiftPackageReference "firebase-ios-sdk" */;
			productName = FirebaseStorage;
		};
		F054F3F82AE3154A008597B6 /* FirebaseStorageCombine-Community */ = {
			isa = XCSwiftPackageProductDependency;
			package = F054F3C22AE312CB008597B6 /* XCRemoteSwiftPackageReference "firebase-ios-sdk" */;
			productName = "FirebaseStorageCombine-Community";
		};
		F093DCC02AFA0628009E8DCC /* GoogleSignIn */ = {
			isa = XCSwiftPackageProductDependency;
			package = F093DCBF2AFA0582009E8DCC /* XCRemoteSwiftPackageReference "GoogleSignIn-iOS" */;
			productName = GoogleSignIn;
		};
		F093DCC22AFA0628009E8DCC /* GoogleSignInSwift */ = {
			isa = XCSwiftPackageProductDependency;
			package = F093DCBF2AFA0582009E8DCC /* XCRemoteSwiftPackageReference "GoogleSignIn-iOS" */;
			productName = GoogleSignInSwift;
		};
/* End XCSwiftPackageProductDependency section */

/* Begin XCVersionGroup section */
		8AB2E2E12AD0DEED0066AB1A /* Apollo.xcdatamodeld */ = {
			isa = XCVersionGroup;
			children = (
				8AB2E2E22AD0DEED0066AB1A /* Apollo.xcdatamodel */,
			);
			currentVersion = 8AB2E2E22AD0DEED0066AB1A /* Apollo.xcdatamodel */;
			path = Apollo.xcdatamodeld;
			sourceTree = "<group>";
			versionGroupType = wrapper.xcdatamodel;
		};
/* End XCVersionGroup section */
	};
	rootObject = 8AB2E2CB2AD0DEEA0066AB1A /* Project object */;
}
